# THIS IS AN AUTOGENERATED FILE. DO NOT EDIT THIS FILE DIRECTLY.
# yarn lockfile v1


"bs-bastet@https://github.com/adnelson/bastet.git#rescript-11.0":
  version "1.2.5"
  resolved "https://github.com/adnelson/bastet.git#420f27333fa07bb211a36e6ab95580ce9112eb39"
  dependencies:
    bs-stdlib-shims "^0.1.0"

bs-stdlib-shims@^0.1.0:
  version "0.1.0"
  resolved "https://registry.yarnpkg.com/bs-stdlib-shims/-/bs-stdlib-shims-0.1.0.tgz#f64166392652a07c37b9be462beebb6c0c66a74e"
  integrity sha512-CszWow8iXOKgmzNCc5dR3kERaqzIp3f4nbV7lJF5vS9BHm70GqLlu7OBE/VCPKZ5noG1VtJAIVqIdLFqUdIRUQ==

"relude@https://github.com/adnelson/relude.git#rescript-11.0":
  version "0.66.1"
  resolved "https://github.com/adnelson/relude.git#24522d276e91bc57e36a7690c4d607b5ebad1dae"

rescript@^11:
  version "11.1.4"
  resolved "https://registry.yarnpkg.com/rescript/-/rescript-11.1.4.tgz#9a42ebc4fc5363707e39cef5b3188160b63bee42"
  integrity sha512-0bGU0bocihjSC6MsE3TMjHjY0EUpchyrREquLS8VsZ3ohSMD+VHUEwimEfB3kpBI1vYkw3UFZ3WD8R28guz/Vw==
